
Microsoft Visual Studio Solution File, Format Version 12.00
# Visual Studio Version 17
VisualStudioVersion = 17.9.34728.123
MinimumVisualStudioVersion = 10.0.40219.1
Project("{FAE04EC0-301F-11D3-BF4B-00C04F79EFBC}") = "Application", "src\Application\Application.csproj", "{31F1D83C-524B-4008-80CC-22B144465830}"
EndProject
Project("{FAE04EC0-301F-11D3-BF4B-00C04F79EFBC}") = "Domain", "src\Domain\Domain.csproj", "{F94B1364-8589-4D62-BDB9-B82E77B6C82F}"
EndProject
Project("{FAE04EC0-301F-11D3-BF4B-00C04F79EFBC}") = "Infrastructure", "src\Infrastructure\Infrastructure.csproj", "{716B9808-7D5B-4A84-ACF9-89BC402E74C6}"
EndProject
Project("{FAE04EC0-301F-11D3-BF4B-00C04F79EFBC}") = "API", "src\API\API.csproj", "{775F28D0-4A06-47A5-9F6C-E25DB7A52FF7}"
EndProject
Global
	GlobalSection(SolutionConfigurationPlatforms) = preSolution
		Debug|Any CPU = Debug|Any CPU
		Release|Any CPU = Release|Any CPU
	EndGlobalSection
	GlobalSection(ProjectConfigurationPlatforms) = postSolution
		{31F1D83C-524B-4008-80CC-22B144465830}.Debug|Any CPU.ActiveCfg = Debug|Any CPU
		{31F1D83C-524B-4008-80CC-22B144465830}.Debug|Any CPU.Build.0 = Debug|Any CPU
		{31F1D83C-524B-4008-80CC-22B144465830}.Release|Any CPU.ActiveCfg = Release|Any CPU
		{31F1D83C-524B-4008-80CC-22B144465830}.Release|Any CPU.Build.0 = Release|Any CPU
		{F94B1364-8589-4D62-BDB9-B82E77B6C82F}.Debug|Any CPU.ActiveCfg = Debug|Any CPU
		{F94B1364-8589-4D62-BDB9-B82E77B6C82F}.Debug|Any CPU.Build.0 = Debug|Any CPU
		{F94B1364-8589-4D62-BDB9-B82E77B6C82F}.Release|Any CPU.ActiveCfg = Release|Any CPU
		{F94B1364-8589-4D62-BDB9-B82E77B6C82F}.Release|Any CPU.Build.0 = Release|Any CPU
		{716B9808-7D5B-4A84-ACF9-89BC402E74C6}.Debug|Any CPU.ActiveCfg = Debug|Any CPU
		{716B9808-7D5B-4A84-ACF9-89BC402E74C6}.Debug|Any CPU.Build.0 = Debug|Any CPU
		{716B9808-7D5B-4A84-ACF9-89BC402E74C6}.Release|Any CPU.ActiveCfg = Release|Any CPU
		{716B9808-7D5B-4A84-ACF9-89BC402E74C6}.Release|Any CPU.Build.0 = Release|Any CPU
		{775F28D0-4A06-47A5-9F6C-E25DB7A52FF7}.Debug|Any CPU.ActiveCfg = Debug|Any CPU
		{775F28D0-4A06-47A5-9F6C-E25DB7A52FF7}.Debug|Any CPU.Build.0 = Debug|Any CPU
		{775F28D0-4A06-47A5-9F6C-E25DB7A52FF7}.Release|Any CPU.ActiveCfg = Release|Any CPU
		{775F28D0-4A06-47A5-9F6C-E25DB7A52FF7}.Release|Any CPU.Build.0 = Release|Any CPU
	EndGlobalSection
	GlobalSection(SolutionProperties) = preSolution
		HideSolutionNode = FALSE
	EndGlobalSection
	GlobalSection(ExtensibilityGlobals) = postSolution
		SolutionGuid = {016233F8-EEDD-409B-8CA5-CA0854EF88D0}
	EndGlobalSection
EndGlobal
